
Microsoft Visual Studio Solution File, Format Version 12.00
# Visual Studio Version 16
VisualStudioVersion = 16.0.29326.143
MinimumVisualStudioVersion = 10.0.40219.1
Project("{FAE04EC0-301F-11D3-BF4B-00C04F79EFBC}") = "98Cards", "98Cards.csproj", "{1082AC29-D885-43A3-9A44-2FBCAA7FFD26}"
EndProject
Global
	GlobalSection(SolutionConfigurationPlatforms) = preSolution
		Debug|Any CPU = Debug|Any CPU
		Release|Any CPU = Release|Any CPU
	EndGlobalSection
	GlobalSection(ProjectConfigurationPlatforms) = postSolution
		{1082AC29-D885-43A3-9A44-2FBCAA7FFD26}.Debug|Any CPU.ActiveCfg = Debug|Any CPU
		{1082AC29-D885-43A3-9A44-2FBCAA7FFD26}.Debug|Any CPU.Build.0 = Debug|Any CPU
		{1082AC29-D885-43A3-9A44-2FBCAA7FFD26}.Release|Any CPU.ActiveCfg = Release|Any CPU
		{1082AC29-D885-43A3-9A44-2FBCAA7FFD26}.Release|Any CPU.Build.0 = Release|Any CPU
	EndGlobalSection
	GlobalSection(SolutionProperties) = preSolution
		HideSolutionNode = FALSE
	EndGlobalSection
	GlobalSection(ExtensibilityGlobals) = postSolution
		SolutionGuid = {2A0BACDC-1DB5-4A15-B58F-5DF38B4A0E20}
	EndGlobalSection
EndGlobal
